
Microsoft Visual Studio Solution File, Format Version 12.00
# Visual Studio Version 17
VisualStudioVersion = 17.0.32112.339
MinimumVisualStudioVersion = 10.0.40219.1
Project("{9A19103F-16F7-4668-BE54-9A1E7A4F7556}") = "pingPong", "pingPong\pingPong.csproj", "{E2B617B1-F954-476B-957F-FB09FE6252BF}"
EndProject
Project("{9A19103F-16F7-4668-BE54-9A1E7A4F7556}") = "pingPong.CoreAbstractions", "pingPong.CoreAbstractions\pingPong.CoreAbstractions.csproj", "{7B375043-2A4A-4CB2-A1C3-017417AE4631}"
EndProject
Project("{9A19103F-16F7-4668-BE54-9A1E7A4F7556}") = "pingPong.SocketImplementation", "pingPong.SocketImplementation\pingPong.SocketImplementation.csproj", "{749DB4DE-918A-4C9F-B14F-B53031501BC0}"
EndProject
Project("{9A19103F-16F7-4668-BE54-9A1E7A4F7556}") = "pingPong.TcpImplementations", "pingPong.TcpImplementations\pingPong.TcpImplementations.csproj", "{85417509-33A9-4507-B872-B9E31D6470B2}"
EndProject
Project("{9A19103F-16F7-4668-BE54-9A1E7A4F7556}") = "pingPong.SocketsAbstractions", "pingPong.SocketsAbstractions\pingPong.SocketsAbstractions.csproj", "{BE32CA89-5FE6-4361-8630-12C52321AC89}"
EndProject
Project("{2150E333-8FDC-42A3-9474-1A3956D46DE8}") = "SocketImplementations", "SocketImplementations", "{7168909D-E5E0-4242-BE76-2C9CC6AD8447}"
EndProject
Project("{9A19103F-16F7-4668-BE54-9A1E7A4F7556}") = "pingPong.ClientImplementation", "pingPong.ClientImplementation\pingPong.ClientImplementation.csproj", "{1DC24AE2-64DB-4671-B5FD-52B0524AA591}"
EndProject
Project("{FAE04EC0-301F-11D3-BF4B-00C04F79EFBC}") = "pingPong.Logger", "pingPong.Logger\pingPong.Logger.csproj", "{DAFFE314-146D-446E-A050-DEE9E2249407}"
EndProject
Global
	GlobalSection(SolutionConfigurationPlatforms) = preSolution
		Debug|Any CPU = Debug|Any CPU
		Release|Any CPU = Release|Any CPU
	EndGlobalSection
	GlobalSection(ProjectConfigurationPlatforms) = postSolution
		{E2B617B1-F954-476B-957F-FB09FE6252BF}.Debug|Any CPU.ActiveCfg = Debug|Any CPU
		{E2B617B1-F954-476B-957F-FB09FE6252BF}.Debug|Any CPU.Build.0 = Debug|Any CPU
		{E2B617B1-F954-476B-957F-FB09FE6252BF}.Release|Any CPU.ActiveCfg = Release|Any CPU
		{E2B617B1-F954-476B-957F-FB09FE6252BF}.Release|Any CPU.Build.0 = Release|Any CPU
		{7B375043-2A4A-4CB2-A1C3-017417AE4631}.Debug|Any CPU.ActiveCfg = Debug|Any CPU
		{7B375043-2A4A-4CB2-A1C3-017417AE4631}.Debug|Any CPU.Build.0 = Debug|Any CPU
		{7B375043-2A4A-4CB2-A1C3-017417AE4631}.Release|Any CPU.ActiveCfg = Release|Any CPU
		{7B375043-2A4A-4CB2-A1C3-017417AE4631}.Release|Any CPU.Build.0 = Release|Any CPU
		{749DB4DE-918A-4C9F-B14F-B53031501BC0}.Debug|Any CPU.ActiveCfg = Debug|Any CPU
		{749DB4DE-918A-4C9F-B14F-B53031501BC0}.Debug|Any CPU.Build.0 = Debug|Any CPU
		{749DB4DE-918A-4C9F-B14F-B53031501BC0}.Release|Any CPU.ActiveCfg = Release|Any CPU
		{749DB4DE-918A-4C9F-B14F-B53031501BC0}.Release|Any CPU.Build.0 = Release|Any CPU
		{85417509-33A9-4507-B872-B9E31D6470B2}.Debug|Any CPU.ActiveCfg = Debug|Any CPU
		{85417509-33A9-4507-B872-B9E31D6470B2}.Debug|Any CPU.Build.0 = Debug|Any CPU
		{85417509-33A9-4507-B872-B9E31D6470B2}.Release|Any CPU.ActiveCfg = Release|Any CPU
		{85417509-33A9-4507-B872-B9E31D6470B2}.Release|Any CPU.Build.0 = Release|Any CPU
		{BE32CA89-5FE6-4361-8630-12C52321AC89}.Debug|Any CPU.ActiveCfg = Debug|Any CPU
		{BE32CA89-5FE6-4361-8630-12C52321AC89}.Debug|Any CPU.Build.0 = Debug|Any CPU
		{BE32CA89-5FE6-4361-8630-12C52321AC89}.Release|Any CPU.ActiveCfg = Release|Any CPU
		{BE32CA89-5FE6-4361-8630-12C52321AC89}.Release|Any CPU.Build.0 = Release|Any CPU
		{1DC24AE2-64DB-4671-B5FD-52B0524AA591}.Debug|Any CPU.ActiveCfg = Debug|Any CPU
		{1DC24AE2-64DB-4671-B5FD-52B0524AA591}.Debug|Any CPU.Build.0 = Debug|Any CPU
		{1DC24AE2-64DB-4671-B5FD-52B0524AA591}.Release|Any CPU.ActiveCfg = Release|Any CPU
		{1DC24AE2-64DB-4671-B5FD-52B0524AA591}.Release|Any CPU.Build.0 = Release|Any CPU
		{DAFFE314-146D-446E-A050-DEE9E2249407}.Debug|Any CPU.ActiveCfg = Debug|Any CPU
		{DAFFE314-146D-446E-A050-DEE9E2249407}.Debug|Any CPU.Build.0 = Debug|Any CPU
		{DAFFE314-146D-446E-A050-DEE9E2249407}.Release|Any CPU.ActiveCfg = Release|Any CPU
		{DAFFE314-146D-446E-A050-DEE9E2249407}.Release|Any CPU.Build.0 = Release|Any CPU
	EndGlobalSection
	GlobalSection(SolutionProperties) = preSolution
		HideSolutionNode = FALSE
	EndGlobalSection
	GlobalSection(NestedProjects) = preSolution
		{749DB4DE-918A-4C9F-B14F-B53031501BC0} = {7168909D-E5E0-4242-BE76-2C9CC6AD8447}
		{85417509-33A9-4507-B872-B9E31D6470B2} = {7168909D-E5E0-4242-BE76-2C9CC6AD8447}
	EndGlobalSection
	GlobalSection(ExtensibilityGlobals) = postSolution
		SolutionGuid = {C12454B0-F9ED-4903-846A-A9419C8B9872}
	EndGlobalSection
EndGlobal
