
Microsoft Visual Studio Solution File, Format Version 12.00
# Visual Studio Version 17
VisualStudioVersion = 17.0.32112.339
MinimumVisualStudioVersion = 10.0.40219.1
Project("{FAE04EC0-301F-11D3-BF4B-00C04F79EFBC}") = "pingPong", "pingPong\pingPong.csproj", "{E2B617B1-F954-476B-957F-FB09FE6252BF}"
EndProject
Project("{FAE04EC0-301F-11D3-BF4B-00C04F79EFBC}") = "pingPong.CoreAbstractions", "pingPong.CoreAbstractions\pingPong.CoreAbstractions.csproj", "{7B375043-2A4A-4CB2-A1C3-017417AE4631}"
EndProject
Global
	GlobalSection(SolutionConfigurationPlatforms) = preSolution
		Debug|Any CPU = Debug|Any CPU
		Release|Any CPU = Release|Any CPU
	EndGlobalSection
	GlobalSection(ProjectConfigurationPlatforms) = postSolution
		{E2B617B1-F954-476B-957F-FB09FE6252BF}.Debug|Any CPU.ActiveCfg = Debug|Any CPU
		{E2B617B1-F954-476B-957F-FB09FE6252BF}.Debug|Any CPU.Build.0 = Debug|Any CPU
		{E2B617B1-F954-476B-957F-FB09FE6252BF}.Release|Any CPU.ActiveCfg = Release|Any CPU
		{E2B617B1-F954-476B-957F-FB09FE6252BF}.Release|Any CPU.Build.0 = Release|Any CPU
		{7B375043-2A4A-4CB2-A1C3-017417AE4631}.Debug|Any CPU.ActiveCfg = Debug|Any CPU
		{7B375043-2A4A-4CB2-A1C3-017417AE4631}.Debug|Any CPU.Build.0 = Debug|Any CPU
		{7B375043-2A4A-4CB2-A1C3-017417AE4631}.Release|Any CPU.ActiveCfg = Release|Any CPU
		{7B375043-2A4A-4CB2-A1C3-017417AE4631}.Release|Any CPU.Build.0 = Release|Any CPU
	EndGlobalSection
	GlobalSection(SolutionProperties) = preSolution
		HideSolutionNode = FALSE
	EndGlobalSection
	GlobalSection(ExtensibilityGlobals) = postSolution
		SolutionGuid = {C12454B0-F9ED-4903-846A-A9419C8B9872}
	EndGlobalSection
EndGlobal
